
Microsoft Visual Studio Solution File, Format Version 12.00
# Visual Studio Version 17
VisualStudioVersion = 17.9.34622.214
MinimumVisualStudioVersion = 10.0.40219.1
Project("{9A19103F-16F7-4668-BE54-9A1E7A4F7556}") = "Encapsulation", "Encapsulation\Encapsulation.csproj", "{EAC6CD88-596C-49AB-AA13-8B14A837281F}"
EndProject
Project("{9A19103F-16F7-4668-BE54-9A1E7A4F7556}") = "Polymrphism", "Polymrphism\Polymrphism.csproj", "{06684305-3830-4EA8-A2C8-0B0D43E1819E}"
EndProject
Project("{9A19103F-16F7-4668-BE54-9A1E7A4F7556}") = "Inheritance", "Inheritance\Inheritance.csproj", "{142AA0F1-2232-41EC-989C-B7D13D5DA3AB}"
EndProject
Global
	GlobalSection(SolutionConfigurationPlatforms) = preSolution
		Debug|Any CPU = Debug|Any CPU
		Release|Any CPU = Release|Any CPU
	EndGlobalSection
	GlobalSection(ProjectConfigurationPlatforms) = postSolution
		{EAC6CD88-596C-49AB-AA13-8B14A837281F}.Debug|Any CPU.ActiveCfg = Debug|Any CPU
		{EAC6CD88-596C-49AB-AA13-8B14A837281F}.Debug|Any CPU.Build.0 = Debug|Any CPU
		{EAC6CD88-596C-49AB-AA13-8B14A837281F}.Release|Any CPU.ActiveCfg = Release|Any CPU
		{EAC6CD88-596C-49AB-AA13-8B14A837281F}.Release|Any CPU.Build.0 = Release|Any CPU
		{06684305-3830-4EA8-A2C8-0B0D43E1819E}.Debug|Any CPU.ActiveCfg = Debug|Any CPU
		{06684305-3830-4EA8-A2C8-0B0D43E1819E}.Debug|Any CPU.Build.0 = Debug|Any CPU
		{06684305-3830-4EA8-A2C8-0B0D43E1819E}.Release|Any CPU.ActiveCfg = Release|Any CPU
		{06684305-3830-4EA8-A2C8-0B0D43E1819E}.Release|Any CPU.Build.0 = Release|Any CPU
		{142AA0F1-2232-41EC-989C-B7D13D5DA3AB}.Debug|Any CPU.ActiveCfg = Debug|Any CPU
		{142AA0F1-2232-41EC-989C-B7D13D5DA3AB}.Debug|Any CPU.Build.0 = Debug|Any CPU
		{142AA0F1-2232-41EC-989C-B7D13D5DA3AB}.Release|Any CPU.ActiveCfg = Release|Any CPU
		{142AA0F1-2232-41EC-989C-B7D13D5DA3AB}.Release|Any CPU.Build.0 = Release|Any CPU
	EndGlobalSection
	GlobalSection(SolutionProperties) = preSolution
		HideSolutionNode = FALSE
	EndGlobalSection
	GlobalSection(ExtensibilityGlobals) = postSolution
		SolutionGuid = {2867F7B1-CCC9-4A72-BA5F-E7CD52674A75}
	EndGlobalSection
EndGlobal
